// !$*UTF8*$!
{
	archiveVersion = 1;
	classes = {
	};
	objectVersion = 46;
	objects = {

/* Begin PBXFileReference section */
		8406FCD6188627B8006D8DB7 /* README.md */ = {isa = PBXFileReference; fileEncoding = 4; lastKnownFileType = text; path = README.md; sourceTree = "<group>"; };
		84490D5D1A14945B000E1BFB /* patch_hda.sh */ = {isa = PBXFileReference; fileEncoding = 4; lastKnownFileType = text.script.sh; path = patch_hda.sh; sourceTree = "<group>"; };
		8467C38E1A23A9FC00FCF396 /* mount_efi.sh */ = {isa = PBXFileReference; fileEncoding = 4; lastKnownFileType = text.script.sh; path = mount_efi.sh; sourceTree = "<group>"; };
		ED0334941C0A124F004E6BDB /* Platforms.plist */ = {isa = PBXFileReference; fileEncoding = 4; lastKnownFileType = text.plist.xml; name = Platforms.plist; path = Resources_ALC283/Platforms.plist; sourceTree = "<group>"; };
		ED0EF6761CFBE3EA00243958 /* SSDT-Disable_EHCI.dsl */ = {isa = PBXFileReference; fileEncoding = 4; lastKnownFileType = text; path = "SSDT-Disable_EHCI.dsl"; sourceTree = "<group>"; };
		ED272D611CCC789300FE569D /* install_tools.sh */ = {isa = PBXFileReference; fileEncoding = 4; lastKnownFileType = text.script.sh; path = install_tools.sh; sourceTree = "<group>"; };
		ED373E171C0535C1005018E4 /* SSDT-IGPU.dsl */ = {isa = PBXFileReference; fileEncoding = 4; lastKnownFileType = text; path = "SSDT-IGPU.dsl"; sourceTree = "<group>"; };
		ED373E181C0535C1005018E4 /* SSDT-USB.dsl */ = {isa = PBXFileReference; fileEncoding = 4; lastKnownFileType = text; path = "SSDT-USB.dsl"; sourceTree = "<group>"; };
		ED3AF2321CC40740004F19AC /* makefile */ = {isa = PBXFileReference; fileEncoding = 4; lastKnownFileType = sourcecode.make; path = makefile; sourceTree = "<group>"; usesTabs = 1; };
		ED3F518A1A2029DE0060691A /* install_downloads.sh */ = {isa = PBXFileReference; fileEncoding = 4; lastKnownFileType = text.script.sh; path = install_downloads.sh; sourceTree = "<group>"; };
		ED3F518B1A2029DE0060691A /* download.sh */ = {isa = PBXFileReference; fileEncoding = 4; lastKnownFileType = text.script.sh; path = download.sh; sourceTree = "<group>"; };
		ED48DF001B4CCCC800BDDC62 /* SSDT-HACK.dsl */ = {isa = PBXFileReference; fileEncoding = 4; lastKnownFileType = text; path = "SSDT-HACK.dsl"; sourceTree = "<group>"; };
		ED71D7551B98D1F80006C457 /* config_install_nuc5.plist */ = {isa = PBXFileReference; fileEncoding = 4; lastKnownFileType = text.plist.xml; path = config_install_nuc5.plist; sourceTree = "<group>"; };
		EDA342501CFC99B700E14DE0 /* SSDT-SATA.dsl */ = {isa = PBXFileReference; fileEncoding = 4; lastKnownFileType = text; path = "SSDT-SATA.dsl"; sourceTree = "<group>"; };
		EDAA88F11CFB6A6D008BA1EE /* SSDT-ALC283.dsl */ = {isa = PBXFileReference; fileEncoding = 4; lastKnownFileType = text; path = "SSDT-ALC283.dsl"; sourceTree = "<group>"; };
		EDC7F9431B4C64FA00B49451 /* layout1.plist */ = {isa = PBXFileReference; fileEncoding = 4; lastKnownFileType = text.plist.xml; name = layout1.plist; path = Resources_ALC283/layout1.plist; sourceTree = "<group>"; };
		EDCF685A1CFBBD03009D6CCD /* SSDT-LPC.dsl */ = {isa = PBXFileReference; fileEncoding = 4; lastKnownFileType = text; path = "SSDT-LPC.dsl"; sourceTree = "<group>"; };
		EDD762461CFC968400A2D6BA /* config_install_nuc6.plist */ = {isa = PBXFileReference; fileEncoding = 4; lastKnownFileType = text.plist.xml; path = config_install_nuc6.plist; sourceTree = "<group>"; };
		EDD762471CFC973E00A2D6BA /* config_nuc6.plist */ = {isa = PBXFileReference; fileEncoding = 4; lastKnownFileType = text.plist.xml; path = config_nuc6.plist; sourceTree = "<group>"; };
		EDF134011B4F62DA009D8597 /* ahhcd.plist */ = {isa = PBXFileReference; fileEncoding = 4; lastKnownFileType = text.plist.xml; name = ahhcd.plist; path = Resources_ALC283/ahhcd.plist; sourceTree = "<group>"; };
		EDFE7D6F1CFBD22F00380DFC /* config_nuc5.plist */ = {isa = PBXFileReference; fileEncoding = 4; lastKnownFileType = text.plist.xml; path = config_nuc5.plist; sourceTree = "<group>"; };
/* End PBXFileReference section */

/* Begin PBXGroup section */
		840152E4182AE40B00D58B0A = {
			isa = PBXGroup;
			children = (
				8406FCD6188627B8006D8DB7 /* README.md */,
				ED71D7551B98D1F80006C457 /* config_install_nuc5.plist */,
				EDD762461CFC968400A2D6BA /* config_install_nuc6.plist */,
				EDFE7D6F1CFBD22F00380DFC /* config_nuc5.plist */,
				EDD762471CFC973E00A2D6BA /* config_nuc6.plist */,
				ED3AF2321CC40740004F19AC /* makefile */,
				ED48DF001B4CCCC800BDDC62 /* SSDT-HACK.dsl */,
				EDCF685A1CFBBD03009D6CCD /* SSDT-LPC.dsl */,
				ED373E171C0535C1005018E4 /* SSDT-IGPU.dsl */,
				ED373E181C0535C1005018E4 /* SSDT-USB.dsl */,
				ED0EF6761CFBE3EA00243958 /* SSDT-Disable_EHCI.dsl */,
				EDA342501CFC99B700E14DE0 /* SSDT-SATA.dsl */,
				EDAA88F11CFB6A6D008BA1EE /* SSDT-ALC283.dsl */,
				8467C38E1A23A9FC00FCF396 /* mount_efi.sh */,
				ED3F518B1A2029DE0060691A /* download.sh */,
				ED272D611CCC789300FE569D /* install_tools.sh */,
				ED3F518A1A2029DE0060691A /* install_downloads.sh */,
				84B540381ACB34B600D8ABAE /* audio */,
			);
			sourceTree = "<group>";
		};
		84B540381ACB34B600D8ABAE /* audio */ = {
			isa = PBXGroup;
			children = (
				84490D5D1A14945B000E1BFB /* patch_hda.sh */,
				EDF134011B4F62DA009D8597 /* ahhcd.plist */,
				ED0334941C0A124F004E6BDB /* Platforms.plist */,
				EDC7F9431B4C64FA00B49451 /* layout1.plist */,
			);
			name = audio;
			sourceTree = "<group>";
		};
/* End PBXGroup section */

/* Begin PBXLegacyTarget section */
		840152E9182AE40B00D58B0A /* nuc5 */ = {
			isa = PBXLegacyTarget;
			buildArgumentsString = "$(ACTION)";
			buildConfigurationList = 840152EC182AE40B00D58B0A /* Build configuration list for PBXLegacyTarget "nuc5" */;
			buildPhases = (
			);
			buildToolPath = /usr/bin/make;
			dependencies = (
			);
			name = nuc5;
			passBuildSettingsInEnvironment = 1;
			productName = nuc5;
		};
/* End PBXLegacyTarget section */

/* Begin PBXProject section */
		840152E5182AE40B00D58B0A /* Project object */ = {
			isa = PBXProject;
			attributes = {
				LastUpgradeCheck = 0500;
				ORGANIZATIONNAME = RehabMan;
			};
			buildConfigurationList = 840152E8182AE40B00D58B0A /* Build configuration list for PBXProject "nuc5" */;
			compatibilityVersion = "Xcode 3.2";
			developmentRegion = English;
			hasScannedForEncodings = 0;
			knownRegions = (
				en,
			);
			mainGroup = 840152E4182AE40B00D58B0A;
			projectDirPath = "";
			projectRoot = "";
			targets = (
				840152E9182AE40B00D58B0A /* nuc5 */,
			);
		};
/* End PBXProject section */

/* Begin XCBuildConfiguration section */
		840152EA182AE40B00D58B0A /* Debug */ = {
			isa = XCBuildConfiguration;
			buildSettings = {
				ALWAYS_SEARCH_USER_PATHS = NO;
				CLANG_CXX_LANGUAGE_STANDARD = "gnu++0x";
				CLANG_CXX_LIBRARY = "libc++";
				CLANG_ENABLE_OBJC_ARC = YES;
				CLANG_WARN_BOOL_CONVERSION = YES;
				CLANG_WARN_CONSTANT_CONVERSION = YES;
				CLANG_WARN_DIRECT_OBJC_ISA_USAGE = YES_ERROR;
				CLANG_WARN_EMPTY_BODY = YES;
				CLANG_WARN_ENUM_CONVERSION = YES;
				CLANG_WARN_INT_CONVERSION = YES;
				CLANG_WARN_OBJC_ROOT_CLASS = YES_ERROR;
				CLANG_WARN__DUPLICATE_METHOD_MATCH = YES;
				COPY_PHASE_STRIP = NO;
				GCC_C_LANGUAGE_STANDARD = gnu99;
				GCC_DYNAMIC_NO_PIC = NO;
				GCC_ENABLE_OBJC_EXCEPTIONS = YES;
				GCC_OPTIMIZATION_LEVEL = 0;
				GCC_PREPROCESSOR_DEFINITIONS = (
					"DEBUG=1",
					"$(inherited)",
				);
				GCC_SYMBOLS_PRIVATE_EXTERN = NO;
				GCC_WARN_64_TO_32_BIT_CONVERSION = YES;
				GCC_WARN_ABOUT_RETURN_TYPE = YES_ERROR;
				GCC_WARN_UNDECLARED_SELECTOR = YES;
				GCC_WARN_UNINITIALIZED_AUTOS = YES;
				GCC_WARN_UNUSED_FUNCTION = YES;
				GCC_WARN_UNUSED_VARIABLE = YES;
				MACOSX_DEPLOYMENT_TARGET = 10.9;
				ONLY_ACTIVE_ARCH = YES;
				SDKROOT = macosx;
			};
			name = Debug;
		};
		840152EB182AE40B00D58B0A /* Release */ = {
			isa = XCBuildConfiguration;
			buildSettings = {
				ALWAYS_SEARCH_USER_PATHS = NO;
				CLANG_CXX_LANGUAGE_STANDARD = "gnu++0x";
				CLANG_CXX_LIBRARY = "libc++";
				CLANG_ENABLE_OBJC_ARC = YES;
				CLANG_WARN_BOOL_CONVERSION = YES;
				CLANG_WARN_CONSTANT_CONVERSION = YES;
				CLANG_WARN_DIRECT_OBJC_ISA_USAGE = YES_ERROR;
				CLANG_WARN_EMPTY_BODY = YES;
				CLANG_WARN_ENUM_CONVERSION = YES;
				CLANG_WARN_INT_CONVERSION = YES;
				CLANG_WARN_OBJC_ROOT_CLASS = YES_ERROR;
				CLANG_WARN__DUPLICATE_METHOD_MATCH = YES;
				COPY_PHASE_STRIP = YES;
				DEBUG_INFORMATION_FORMAT = "dwarf-with-dsym";
				ENABLE_NS_ASSERTIONS = NO;
				GCC_C_LANGUAGE_STANDARD = gnu99;
				GCC_ENABLE_OBJC_EXCEPTIONS = YES;
				GCC_WARN_64_TO_32_BIT_CONVERSION = YES;
				GCC_WARN_ABOUT_RETURN_TYPE = YES_ERROR;
				GCC_WARN_UNDECLARED_SELECTOR = YES;
				GCC_WARN_UNINITIALIZED_AUTOS = YES;
				GCC_WARN_UNUSED_FUNCTION = YES;
				GCC_WARN_UNUSED_VARIABLE = YES;
				MACOSX_DEPLOYMENT_TARGET = 10.9;
				SDKROOT = macosx;
			};
			name = Release;
		};
		840152ED182AE40B00D58B0A /* Debug */ = {
			isa = XCBuildConfiguration;
			buildSettings = {
				DEBUGGING_SYMBOLS = YES;
				GCC_GENERATE_DEBUGGING_SYMBOLS = YES;
				GCC_OPTIMIZATION_LEVEL = 0;
				OTHER_CFLAGS = "";
				OTHER_LDFLAGS = "";
				PRODUCT_NAME = nuc5;
			};
			name = Debug;
		};
		840152EE182AE40B00D58B0A /* Release */ = {
			isa = XCBuildConfiguration;
			buildSettings = {
				OTHER_CFLAGS = "";
				OTHER_LDFLAGS = "";
				PRODUCT_NAME = nuc5;
			};
			name = Release;
		};
/* End XCBuildConfiguration section */

/* Begin XCConfigurationList section */
		840152E8182AE40B00D58B0A /* Build configuration list for PBXProject "nuc5" */ = {
			isa = XCConfigurationList;
			buildConfigurations = (
				840152EA182AE40B00D58B0A /* Debug */,
				840152EB182AE40B00D58B0A /* Release */,
			);
			defaultConfigurationIsVisible = 0;
			defaultConfigurationName = Release;
		};
		840152EC182AE40B00D58B0A /* Build configuration list for PBXLegacyTarget "nuc5" */ = {
			isa = XCConfigurationList;
			buildConfigurations = (
				840152ED182AE40B00D58B0A /* Debug */,
				840152EE182AE40B00D58B0A /* Release */,
			);
			defaultConfigurationIsVisible = 0;
			defaultConfigurationName = Release;
		};
/* End XCConfigurationList section */
	};
	rootObject = 840152E5182AE40B00D58B0A /* Project object */;
}
